// !$*UTF8*$!
{
	archiveVersion = 1;
	classes = {
	};
	objectVersion = 46;
	objects = {

/* Begin PBXBuildFile section */
		158389131735A5D7006DE713 /* UIKit.framework in Frameworks */ = {isa = PBXBuildFile; fileRef = 158389121735A5D7006DE713 /* UIKit.framework */; };
		158389151735A5D7006DE713 /* Foundation.framework in Frameworks */ = {isa = PBXBuildFile; fileRef = 158389141735A5D7006DE713 /* Foundation.framework */; };
		158389171735A5D7006DE713 /* CoreGraphics.framework in Frameworks */ = {isa = PBXBuildFile; fileRef = 158389161735A5D7006DE713 /* CoreGraphics.framework */; };
		1583893B1735A5D7006DE713 /* UIKit.framework in Frameworks */ = {isa = PBXBuildFile; fileRef = 158389121735A5D7006DE713 /* UIKit.framework */; };
		1583893C1735A5D7006DE713 /* Foundation.framework in Frameworks */ = {isa = PBXBuildFile; fileRef = 158389141735A5D7006DE713 /* Foundation.framework */; };
		1583895A1735D7F4006DE713 /* CoreText.framework in Frameworks */ = {isa = PBXBuildFile; fileRef = 158389591735D7F4006DE713 /* CoreText.framework */; };
		96854AEE1993FA8300EA5AF3 /* libPods.a in Frameworks */ = {isa = PBXBuildFile; fileRef = 96854AED1993FA8300EA5AF3 /* libPods.a */; };
		96D1DF6F19930A580062A9AD /* Default-568h@2x.png in Resources */ = {isa = PBXBuildFile; fileRef = 96D1DF6C19930A580062A9AD /* Default-568h@2x.png */; };
		96D1DF7019930A580062A9AD /* Default.png in Resources */ = {isa = PBXBuildFile; fileRef = 96D1DF6D19930A580062A9AD /* Default.png */; };
		96D1DF7119930A580062A9AD /* Default@2x.png in Resources */ = {isa = PBXBuildFile; fileRef = 96D1DF6E19930A580062A9AD /* Default@2x.png */; };
		96DD53621992E2CC0089E13D /* CodeTextEditorTests-Info.plist in Resources */ = {isa = PBXBuildFile; fileRef = 96DD53591992E2CC0089E13D /* CodeTextEditorTests-Info.plist */; };
		96DD53631992E2CC0089E13D /* InfoPlist.strings in Resources */ = {isa = PBXBuildFile; fileRef = 96DD535A1992E2CC0089E13D /* InfoPlist.strings */; };
		96DD53651992E2CC0089E13D /* testKeywords.txt in Resources */ = {isa = PBXBuildFile; fileRef = 96DD535E1992E2CC0089E13D /* testKeywords.txt */; };
		96DD53661992E2CC0089E13D /* testSetupFiles.ino in Resources */ = {isa = PBXBuildFile; fileRef = 96DD535F1992E2CC0089E13D /* testSetupFiles.ino */; };
		96DD53671992E2CC0089E13D /* testTextColors.json in Resources */ = {isa = PBXBuildFile; fileRef = 96DD53601992E2CC0089E13D /* testTextColors.json */; };
		96DD53681992E2CC0089E13D /* testTextReplace.json in Resources */ = {isa = PBXBuildFile; fileRef = 96DD53611992E2CC0089E13D /* testTextReplace.json */; };
		96DD536A1992E34A0089E13D /* SenTestingKit.framework in Frameworks */ = {isa = PBXBuildFile; fileRef = 96DD53691992E34A0089E13D /* SenTestingKit.framework */; };
		96DD536B1992E3600089E13D /* CodeViewEditorTests.m in Sources */ = {isa = PBXBuildFile; fileRef = 96DD535D1992E2CC0089E13D /* CodeViewEditorTests.m */; };
		96DD53861992E7B60089E13D /* NSAttributedString+MyRichTextEditor.m in Sources */ = {isa = PBXBuildFile; fileRef = 96DD536F1992E7B60089E13D /* NSAttributedString+MyRichTextEditor.m */; };
		96DD53871992E7B60089E13D /* NSAttributedString+MyRichTextEditor.m in Sources */ = {isa = PBXBuildFile; fileRef = 96DD536F1992E7B60089E13D /* NSAttributedString+MyRichTextEditor.m */; };
		96DD53881992E7B60089E13D /* PTDNavViewController.m in Sources */ = {isa = PBXBuildFile; fileRef = 96DD53731992E7B60089E13D /* PTDNavViewController.m */; };
		96DD53891992E7B60089E13D /* PTDNavViewController.m in Sources */ = {isa = PBXBuildFile; fileRef = 96DD53731992E7B60089E13D /* PTDNavViewController.m */; };
		96DD538A1992E7B60089E13D /* PTDCodeViewEditor.m in Sources */ = {isa = PBXBuildFile; fileRef = 96DD53751992E7B60089E13D /* PTDCodeViewEditor.m */; };
		96DD538B1992E7B60089E13D /* PTDCodeViewEditor.m in Sources */ = {isa = PBXBuildFile; fileRef = 96DD53751992E7B60089E13D /* PTDCodeViewEditor.m */; };
		96DD538C1992E7B60089E13D /* PTDRichTextEditorCategoryViewController.m in Sources */ = {isa = PBXBuildFile; fileRef = 96DD53771992E7B60089E13D /* PTDRichTextEditorCategoryViewController.m */; };
		96DD538D1992E7B60089E13D /* PTDRichTextEditorCategoryViewController.m in Sources */ = {isa = PBXBuildFile; fileRef = 96DD53771992E7B60089E13D /* PTDRichTextEditorCategoryViewController.m */; };
		96DD538E1992E7B60089E13D /* PTDCodeViewEditorHelper.m in Sources */ = {isa = PBXBuildFile; fileRef = 96DD53791992E7B60089E13D /* PTDCodeViewEditorHelper.m */; };
		96DD538F1992E7B60089E13D /* PTDCodeViewEditorHelper.m in Sources */ = {isa = PBXBuildFile; fileRef = 96DD53791992E7B60089E13D /* PTDCodeViewEditorHelper.m */; };
		96DD53901992E7B60089E13D /* PTDCodeViewEditorParser.m in Sources */ = {isa = PBXBuildFile; fileRef = 96DD537C1992E7B60089E13D /* PTDCodeViewEditorParser.m */; };
		96DD53911992E7B60089E13D /* PTDCodeViewEditorParser.m in Sources */ = {isa = PBXBuildFile; fileRef = 96DD537C1992E7B60089E13D /* PTDCodeViewEditorParser.m */; };
		96DD53921992E7B60089E13D /* PTDRichTextEditorToggleButton.m in Sources */ = {isa = PBXBuildFile; fileRef = 96DD537E1992E7B60089E13D /* PTDRichTextEditorToggleButton.m */; };
		96DD53931992E7B60089E13D /* PTDRichTextEditorToggleButton.m in Sources */ = {isa = PBXBuildFile; fileRef = 96DD537E1992E7B60089E13D /* PTDRichTextEditorToggleButton.m */; };
		96DD53941992E7B60089E13D /* PTDRichTextEditorToolbar.m in Sources */ = {isa = PBXBuildFile; fileRef = 96DD53801992E7B60089E13D /* PTDRichTextEditorToolbar.m */; };
		96DD53951992E7B60089E13D /* PTDRichTextEditorToolbar.m in Sources */ = {isa = PBXBuildFile; fileRef = 96DD53801992E7B60089E13D /* PTDRichTextEditorToolbar.m */; };
		96DD53961992E7B60089E13D /* LineNumberLayoutManager.m in Sources */ = {isa = PBXBuildFile; fileRef = 96DD53831992E7B60089E13D /* LineNumberLayoutManager.m */; };
		96DD53971992E7B60089E13D /* LineNumberLayoutManager.m in Sources */ = {isa = PBXBuildFile; fileRef = 96DD53831992E7B60089E13D /* LineNumberLayoutManager.m */; };
		96DD53981992E7B60089E13D /* LineNumberTextView.m in Sources */ = {isa = PBXBuildFile; fileRef = 96DD53851992E7B60089E13D /* LineNumberTextView.m */; };
		96DD53991992E7B60089E13D /* LineNumberTextView.m in Sources */ = {isa = PBXBuildFile; fileRef = 96DD53851992E7B60089E13D /* LineNumberTextView.m */; };
		96DD539E1992E9C90089E13D /* AppDelegate.m in Sources */ = {isa = PBXBuildFile; fileRef = 96DD539D1992E9C90089E13D /* AppDelegate.m */; };
		96DD53A51992E9F40089E13D /* MainStoryboard_iPad.storyboard in Resources */ = {isa = PBXBuildFile; fileRef = 96DD53A11992E9F40089E13D /* MainStoryboard_iPad.storyboard */; };
		96DD53A61992E9F40089E13D /* MainStoryboard_iPhone.storyboard in Resources */ = {isa = PBXBuildFile; fileRef = 96DD53A31992E9F40089E13D /* MainStoryboard_iPhone.storyboard */; };
		96DD53A81992E9FB0089E13D /* main.m in Sources */ = {isa = PBXBuildFile; fileRef = 96DD53A71992E9FB0089E13D /* main.m */; };
		96DD53B41992EA030089E13D /* examplesketch.ino in Resources */ = {isa = PBXBuildFile; fileRef = 96DD53AA1992EA030089E13D /* examplesketch.ino */; };
		96DD53B51992EA030089E13D /* keywords.txt in Resources */ = {isa = PBXBuildFile; fileRef = 96DD53AB1992EA030089E13D /* keywords.txt */; };
		96DD53B61992EA030089E13D /* largeTestSketch.ino in Resources */ = {isa = PBXBuildFile; fileRef = 96DD53AC1992EA030089E13D /* largeTestSketch.ino */; };
		96DD53B71992EA030089E13D /* largeTextSketchTest.txt in Resources */ = {isa = PBXBuildFile; fileRef = 96DD53AD1992EA030089E13D /* largeTextSketchTest.txt */; };
		96DD53B81992EA030089E13D /* menu~ipad.json in Resources */ = {isa = PBXBuildFile; fileRef = 96DD53AE1992EA030089E13D /* menu~ipad.json */; };
		96DD53B91992EA030089E13D /* menu~iphone.json in Resources */ = {isa = PBXBuildFile; fileRef = 96DD53AF1992EA030089E13D /* menu~iphone.json */; };
		96DD53BA1992EA030089E13D /* testTextSkip.json in Resources */ = {isa = PBXBuildFile; fileRef = 96DD53B01992EA030089E13D /* testTextSkip.json */; };
		96DD53BB1992EA030089E13D /* textColors.json in Resources */ = {isa = PBXBuildFile; fileRef = 96DD53B11992EA030089E13D /* textColors.json */; };
		96DD53BC1992EA030089E13D /* textReplace.json in Resources */ = {isa = PBXBuildFile; fileRef = 96DD53B21992EA030089E13D /* textReplace.json */; };
		96DD53BD1992EA030089E13D /* textSkip.json in Resources */ = {isa = PBXBuildFile; fileRef = 96DD53B31992EA030089E13D /* textSkip.json */; };
		96DD53C01992EA090089E13D /* ViewController.m in Sources */ = {isa = PBXBuildFile; fileRef = 96DD53BF1992EA090089E13D /* ViewController.m */; };
		96EC3E881993F7B8007E811A /* CoreText.framework in Frameworks */ = {isa = PBXBuildFile; fileRef = 158389591735D7F4006DE713 /* CoreText.framework */; };
		96EC3E891993F82F007E811A /* CoreGraphics.framework in Frameworks */ = {isa = PBXBuildFile; fileRef = 158389161735A5D7006DE713 /* CoreGraphics.framework */; };
		E83661DB9A044848889FAD9C /* libPods.a in Frameworks */ = {isa = PBXBuildFile; fileRef = 330D976DFD2E4E91880ACDC3 /* libPods.a */; };
/* End PBXBuildFile section */

/* Begin PBXFileReference section */
		1583890E1735A5D7006DE713 /* CodeTextEditor.app */ = {isa = PBXFileReference; explicitFileType = wrapper.application; includeInIndex = 0; path = CodeTextEditor.app; sourceTree = BUILT_PRODUCTS_DIR; };
		158389121735A5D7006DE713 /* UIKit.framework */ = {isa = PBXFileReference; lastKnownFileType = wrapper.framework; name = UIKit.framework; path = System/Library/Frameworks/UIKit.framework; sourceTree = SDKROOT; };
		158389141735A5D7006DE713 /* Foundation.framework */ = {isa = PBXFileReference; lastKnownFileType = wrapper.framework; name = Foundation.framework; path = System/Library/Frameworks/Foundation.framework; sourceTree = SDKROOT; };
		158389161735A5D7006DE713 /* CoreGraphics.framework */ = {isa = PBXFileReference; lastKnownFileType = wrapper.framework; name = CoreGraphics.framework; path = System/Library/Frameworks/CoreGraphics.framework; sourceTree = SDKROOT; };
		158389381735A5D7006DE713 /* CodeTextEditorTests.xctest */ = {isa = PBXFileReference; explicitFileType = wrapper.cfbundle; includeInIndex = 0; path = CodeTextEditorTests.xctest; sourceTree = BUILT_PRODUCTS_DIR; };
		158389591735D7F4006DE713 /* CoreText.framework */ = {isa = PBXFileReference; lastKnownFileType = wrapper.framework; name = CoreText.framework; path = System/Library/Frameworks/CoreText.framework; sourceTree = SDKROOT; };
		19C0A5CD88594154AAE26C29 /* Pods.xcconfig */ = {isa = PBXFileReference; includeInIndex = 1; lastKnownFileType = text.xcconfig; name = Pods.xcconfig; path = Pods/Pods.xcconfig; sourceTree = "<group>"; };
		330D976DFD2E4E91880ACDC3 /* libPods.a */ = {isa = PBXFileReference; explicitFileType = archive.ar; includeInIndex = 0; path = libPods.a; sourceTree = BUILT_PRODUCTS_DIR; };
		96854AED1993FA8300EA5AF3 /* libPods.a */ = {isa = PBXFileReference; lastKnownFileType = archive.ar; name = libPods.a; path = "Pods/build/Debug-iphoneos/libPods.a"; sourceTree = "<group>"; };
		96D1DF6C19930A580062A9AD /* Default-568h@2x.png */ = {isa = PBXFileReference; lastKnownFileType = image.png; path = "Default-568h@2x.png"; sourceTree = "<group>"; };
		96D1DF6D19930A580062A9AD /* Default.png */ = {isa = PBXFileReference; lastKnownFileType = image.png; path = Default.png; sourceTree = "<group>"; };
		96D1DF6E19930A580062A9AD /* Default@2x.png */ = {isa = PBXFileReference; lastKnownFileType = image.png; path = "Default@2x.png"; sourceTree = "<group>"; };
		96DD53591992E2CC0089E13D /* CodeTextEditorTests-Info.plist */ = {isa = PBXFileReference; fileEncoding = 4; lastKnownFileType = text.plist.xml; path = "CodeTextEditorTests-Info.plist"; sourceTree = "<group>"; };
		96DD535B1992E2CC0089E13D /* en */ = {isa = PBXFileReference; lastKnownFileType = text.plist.strings; name = en; path = en.lproj/InfoPlist.strings; sourceTree = "<group>"; };
		96DD535C1992E2CC0089E13D /* CodeViewEditorTests.h */ = {isa = PBXFileReference; fileEncoding = 4; lastKnownFileType = sourcecode.c.h; path = CodeViewEditorTests.h; sourceTree = "<group>"; };
		96DD535D1992E2CC0089E13D /* CodeViewEditorTests.m */ = {isa = PBXFileReference; fileEncoding = 4; lastKnownFileType = sourcecode.c.objc; path = CodeViewEditorTests.m; sourceTree = "<group>"; };
		96DD535E1992E2CC0089E13D /* testKeywords.txt */ = {isa = PBXFileReference; fileEncoding = 4; lastKnownFileType = text; path = testKeywords.txt; sourceTree = "<group>"; };
		96DD535F1992E2CC0089E13D /* testSetupFiles.ino */ = {isa = PBXFileReference; fileEncoding = 4; lastKnownFileType = text; path = testSetupFiles.ino; sourceTree = "<group>"; };
		96DD53601992E2CC0089E13D /* testTextColors.json */ = {isa = PBXFileReference; fileEncoding = 4; lastKnownFileType = text.json; path = testTextColors.json; sourceTree = "<group>"; };
		96DD53611992E2CC0089E13D /* testTextReplace.json */ = {isa = PBXFileReference; fileEncoding = 4; lastKnownFileType = text.json; path = testTextReplace.json; sourceTree = "<group>"; };
		96DD53691992E34A0089E13D /* SenTestingKit.framework */ = {isa = PBXFileReference; lastKnownFileType = wrapper.framework; name = SenTestingKit.framework; path = Library/Frameworks/SenTestingKit.framework; sourceTree = DEVELOPER_DIR; };
		96DD536E1992E7B60089E13D /* NSAttributedString+MyRichTextEditor.h */ = {isa = PBXFileReference; fileEncoding = 4; lastKnownFileType = sourcecode.c.h; path = "NSAttributedString+MyRichTextEditor.h"; sourceTree = "<group>"; };
		96DD536F1992E7B60089E13D /* NSAttributedString+MyRichTextEditor.m */ = {isa = PBXFileReference; fileEncoding = 4; lastKnownFileType = sourcecode.c.objc; path = "NSAttributedString+MyRichTextEditor.m"; sourceTree = "<group>"; };
		96DD53701992E7B60089E13D /* RichTextEditor+Protected.h */ = {isa = PBXFileReference; fileEncoding = 4; lastKnownFileType = sourcecode.c.h; path = "RichTextEditor+Protected.h"; sourceTree = "<group>"; };
		96DD53711992E7B60089E13D /* RichTextEditorToolbar+Protected.h */ = {isa = PBXFileReference; fileEncoding = 4; lastKnownFileType = sourcecode.c.h; path = "RichTextEditorToolbar+Protected.h"; sourceTree = "<group>"; };
		96DD53721992E7B60089E13D /* PTDNavViewController.h */ = {isa = PBXFileReference; fileEncoding = 4; lastKnownFileType = sourcecode.c.h; path = PTDNavViewController.h; sourceTree = "<group>"; };
		96DD53731992E7B60089E13D /* PTDNavViewController.m */ = {isa = PBXFileReference; fileEncoding = 4; lastKnownFileType = sourcecode.c.objc; path = PTDNavViewController.m; sourceTree = "<group>"; };
		96DD53751992E7B60089E13D /* PTDCodeViewEditor.m */ = {isa = PBXFileReference; fileEncoding = 4; lastKnownFileType = sourcecode.c.objc; path = PTDCodeViewEditor.m; sourceTree = "<group>"; };
		96DD53761992E7B60089E13D /* PTDRichTextEditorCategoryViewController.h */ = {isa = PBXFileReference; fileEncoding = 4; lastKnownFileType = sourcecode.c.h; path = PTDRichTextEditorCategoryViewController.h; sourceTree = "<group>"; };
		96DD53771992E7B60089E13D /* PTDRichTextEditorCategoryViewController.m */ = {isa = PBXFileReference; fileEncoding = 4; lastKnownFileType = sourcecode.c.objc; path = PTDRichTextEditorCategoryViewController.m; sourceTree = "<group>"; };
		96DD53781992E7B60089E13D /* PTDCodeViewEditorHelper.h */ = {isa = PBXFileReference; fileEncoding = 4; lastKnownFileType = sourcecode.c.h; path = PTDCodeViewEditorHelper.h; sourceTree = "<group>"; };
		96DD53791992E7B60089E13D /* PTDCodeViewEditorHelper.m */ = {isa = PBXFileReference; fileEncoding = 4; lastKnownFileType = sourcecode.c.objc; path = PTDCodeViewEditorHelper.m; sourceTree = "<group>"; };
		96DD537A1992E7B60089E13D /* PTDRichTextEditorMacroPicker.h */ = {isa = PBXFileReference; fileEncoding = 4; lastKnownFileType = sourcecode.c.h; path = PTDRichTextEditorMacroPicker.h; sourceTree = "<group>"; };
		96DD537B1992E7B60089E13D /* PTDCodeViewEditorParser.h */ = {isa = PBXFileReference; fileEncoding = 4; lastKnownFileType = sourcecode.c.h; path = PTDCodeViewEditorParser.h; sourceTree = "<group>"; };
		96DD537C1992E7B60089E13D /* PTDCodeViewEditorParser.m */ = {isa = PBXFileReference; fileEncoding = 4; lastKnownFileType = sourcecode.c.objc; path = PTDCodeViewEditorParser.m; sourceTree = "<group>"; };
		96DD537D1992E7B60089E13D /* PTDRichTextEditorToggleButton.h */ = {isa = PBXFileReference; fileEncoding = 4; lastKnownFileType = sourcecode.c.h; path = PTDRichTextEditorToggleButton.h; sourceTree = "<group>"; };
		96DD537E1992E7B60089E13D /* PTDRichTextEditorToggleButton.m */ = {isa = PBXFileReference; fileEncoding = 4; lastKnownFileType = sourcecode.c.objc; path = PTDRichTextEditorToggleButton.m; sourceTree = "<group>"; };
		96DD537F1992E7B60089E13D /* PTDRichTextEditorToolbar.h */ = {isa = PBXFileReference; fileEncoding = 4; lastKnownFileType = sourcecode.c.h; path = PTDRichTextEditorToolbar.h; sourceTree = "<group>"; };
		96DD53801992E7B60089E13D /* PTDRichTextEditorToolbar.m */ = {isa = PBXFileReference; fileEncoding = 4; lastKnownFileType = sourcecode.c.objc; path = PTDRichTextEditorToolbar.m; sourceTree = "<group>"; };
		96DD53821992E7B60089E13D /* LineNumberLayoutManager.h */ = {isa = PBXFileReference; fileEncoding = 4; lastKnownFileType = sourcecode.c.h; path = LineNumberLayoutManager.h; sourceTree = "<group>"; };
		96DD53831992E7B60089E13D /* LineNumberLayoutManager.m */ = {isa = PBXFileReference; fileEncoding = 4; lastKnownFileType = sourcecode.c.objc; path = LineNumberLayoutManager.m; sourceTree = "<group>"; };
		96DD53841992E7B60089E13D /* LineNumberTextView.h */ = {isa = PBXFileReference; fileEncoding = 4; lastKnownFileType = sourcecode.c.h; path = LineNumberTextView.h; sourceTree = "<group>"; };
		96DD53851992E7B60089E13D /* LineNumberTextView.m */ = {isa = PBXFileReference; fileEncoding = 4; lastKnownFileType = sourcecode.c.objc; path = LineNumberTextView.m; sourceTree = "<group>"; };
		96DD539B1992E89E0089E13D /* PTDCodeViewEditor.h */ = {isa = PBXFileReference; fileEncoding = 4; lastKnownFileType = sourcecode.c.h; path = PTDCodeViewEditor.h; sourceTree = "<group>"; };
		96DD539C1992E9C90089E13D /* AppDelegate.h */ = {isa = PBXFileReference; fileEncoding = 4; lastKnownFileType = sourcecode.c.h; path = AppDelegate.h; sourceTree = "<group>"; };
		96DD539D1992E9C90089E13D /* AppDelegate.m */ = {isa = PBXFileReference; fileEncoding = 4; lastKnownFileType = sourcecode.c.objc; path = AppDelegate.m; sourceTree = "<group>"; };
		96DD539F1992E9D00089E13D /* CodeTextEditor-Info.plist */ = {isa = PBXFileReference; lastKnownFileType = text.plist.xml; path = "CodeTextEditor-Info.plist"; sourceTree = "<group>"; };
		96DD53A01992E9D70089E13D /* CodeTextEditor-Prefix.pch */ = {isa = PBXFileReference; lastKnownFileType = sourcecode.c.h; path = "CodeTextEditor-Prefix.pch"; sourceTree = "<group>"; };
		96DD53A21992E9F40089E13D /* en */ = {isa = PBXFileReference; lastKnownFileType = file.storyboard; name = en; path = en.lproj/MainStoryboard_iPad.storyboard; sourceTree = "<group>"; };
		96DD53A41992E9F40089E13D /* en */ = {isa = PBXFileReference; lastKnownFileType = file.storyboard; name = en; path = en.lproj/MainStoryboard_iPhone.storyboard; sourceTree = "<group>"; };
		96DD53A71992E9FB0089E13D /* main.m */ = {isa = PBXFileReference; fileEncoding = 4; lastKnownFileType = sourcecode.c.objc; path = main.m; sourceTree = "<group>"; };
		96DD53AA1992EA030089E13D /* examplesketch.ino */ = {isa = PBXFileReference; fileEncoding = 4; lastKnownFileType = text; path = examplesketch.ino; sourceTree = "<group>"; };
		96DD53AB1992EA030089E13D /* keywords.txt */ = {isa = PBXFileReference; fileEncoding = 4; lastKnownFileType = text; path = keywords.txt; sourceTree = "<group>"; };
		96DD53AC1992EA030089E13D /* largeTestSketch.ino */ = {isa = PBXFileReference; fileEncoding = 4; lastKnownFileType = text; path = largeTestSketch.ino; sourceTree = "<group>"; };
		96DD53AD1992EA030089E13D /* largeTextSketchTest.txt */ = {isa = PBXFileReference; fileEncoding = 4; lastKnownFileType = text; path = largeTextSketchTest.txt; sourceTree = "<group>"; };
		96DD53AE1992EA030089E13D /* menu~ipad.json */ = {isa = PBXFileReference; fileEncoding = 4; lastKnownFileType = text.json; path = "menu~ipad.json"; sourceTree = "<group>"; };
		96DD53AF1992EA030089E13D /* menu~iphone.json */ = {isa = PBXFileReference; fileEncoding = 4; lastKnownFileType = text.json; path = "menu~iphone.json"; sourceTree = "<group>"; };
		96DD53B01992EA030089E13D /* testTextSkip.json */ = {isa = PBXFileReference; fileEncoding = 4; lastKnownFileType = text.json; path = testTextSkip.json; sourceTree = "<group>"; };
		96DD53B11992EA030089E13D /* textColors.json */ = {isa = PBXFileReference; fileEncoding = 4; lastKnownFileType = text.json; path = textColors.json; sourceTree = "<group>"; };
		96DD53B21992EA030089E13D /* textReplace.json */ = {isa = PBXFileReference; fileEncoding = 4; lastKnownFileType = text.json; path = textReplace.json; sourceTree = "<group>"; };
		96DD53B31992EA030089E13D /* textSkip.json */ = {isa = PBXFileReference; fileEncoding = 4; lastKnownFileType = text.json; path = textSkip.json; sourceTree = "<group>"; };
		96DD53BE1992EA090089E13D /* ViewController.h */ = {isa = PBXFileReference; fileEncoding = 4; lastKnownFileType = sourcecode.c.h; path = ViewController.h; sourceTree = "<group>"; };
		96DD53BF1992EA090089E13D /* ViewController.m */ = {isa = PBXFileReference; fileEncoding = 4; lastKnownFileType = sourcecode.c.objc; path = ViewController.m; sourceTree = "<group>"; };
		96EC3E861993F727007E811A /* libPods.a */ = {isa = PBXFileReference; lastKnownFileType = archive.ar; name = libPods.a; path = "Pods/build/Debug-iphoneos/libPods.a"; sourceTree = "<group>"; };
/* End PBXFileReference section */

/* Begin PBXFrameworksBuildPhase section */
		1583890B1735A5D7006DE713 /* Frameworks */ = {
			isa = PBXFrameworksBuildPhase;
			buildActionMask = 2147483647;
			files = (
				1583895A1735D7F4006DE713 /* CoreText.framework in Frameworks */,
				158389131735A5D7006DE713 /* UIKit.framework in Frameworks */,
				158389151735A5D7006DE713 /* Foundation.framework in Frameworks */,
				158389171735A5D7006DE713 /* CoreGraphics.framework in Frameworks */,
				E83661DB9A044848889FAD9C /* libPods.a in Frameworks */,
			);
			runOnlyForDeploymentPostprocessing = 0;
		};
		158389341735A5D7006DE713 /* Frameworks */ = {
			isa = PBXFrameworksBuildPhase;
			buildActionMask = 2147483647;
			files = (
				96EC3E891993F82F007E811A /* CoreGraphics.framework in Frameworks */,
				96EC3E881993F7B8007E811A /* CoreText.framework in Frameworks */,
				96DD536A1992E34A0089E13D /* SenTestingKit.framework in Frameworks */,
				1583893B1735A5D7006DE713 /* UIKit.framework in Frameworks */,
				1583893C1735A5D7006DE713 /* Foundation.framework in Frameworks */,
				96854AEE1993FA8300EA5AF3 /* libPods.a in Frameworks */,
			);
			runOnlyForDeploymentPostprocessing = 0;
		};
/* End PBXFrameworksBuildPhase section */

/* Begin PBXGroup section */
		158389031735A5D7006DE713 = {
			isa = PBXGroup;
			children = (
				96D1DF6C19930A580062A9AD /* Default-568h@2x.png */,
				96D1DF6D19930A580062A9AD /* Default.png */,
				96D1DF6E19930A580062A9AD /* Default@2x.png */,
				96DD53BE1992EA090089E13D /* ViewController.h */,
				96DD53BF1992EA090089E13D /* ViewController.m */,
				96DD53A91992EA030089E13D /* Resources */,
				96DD53A71992E9FB0089E13D /* main.m */,
				96DD53A11992E9F40089E13D /* MainStoryboard_iPad.storyboard */,
				96DD53A31992E9F40089E13D /* MainStoryboard_iPhone.storyboard */,
				96DD53A01992E9D70089E13D /* CodeTextEditor-Prefix.pch */,
				96DD539F1992E9D00089E13D /* CodeTextEditor-Info.plist */,
				96DD539C1992E9C90089E13D /* AppDelegate.h */,
				96DD539D1992E9C90089E13D /* AppDelegate.m */,
				96DD536C1992E7B60089E13D /* Classes */,
				96DD53581992E2CC0089E13D /* CodeTextEditorTests */,
				158389111735A5D7006DE713 /* Frameworks */,
				1583890F1735A5D7006DE713 /* Products */,
				19C0A5CD88594154AAE26C29 /* Pods.xcconfig */,
			);
			sourceTree = "<group>";
		};
		1583890F1735A5D7006DE713 /* Products */ = {
			isa = PBXGroup;
			children = (
				1583890E1735A5D7006DE713 /* CodeTextEditor.app */,
				158389381735A5D7006DE713 /* CodeTextEditorTests.xctest */,
			);
			name = Products;
			sourceTree = "<group>";
		};
		158389111735A5D7006DE713 /* Frameworks */ = {
			isa = PBXGroup;
			children = (
				96854AED1993FA8300EA5AF3 /* libPods.a */,
				96EC3E861993F727007E811A /* libPods.a */,
				96DD53691992E34A0089E13D /* SenTestingKit.framework */,
				158389591735D7F4006DE713 /* CoreText.framework */,
				158389121735A5D7006DE713 /* UIKit.framework */,
				158389141735A5D7006DE713 /* Foundation.framework */,
				158389161735A5D7006DE713 /* CoreGraphics.framework */,
				330D976DFD2E4E91880ACDC3 /* libPods.a */,
			);
			name = Frameworks;
			sourceTree = "<group>";
		};
		96DD53581992E2CC0089E13D /* CodeTextEditorTests */ = {
			isa = PBXGroup;
			children = (
				96DD53591992E2CC0089E13D /* CodeTextEditorTests-Info.plist */,
				96DD535A1992E2CC0089E13D /* InfoPlist.strings */,
				96DD535C1992E2CC0089E13D /* CodeViewEditorTests.h */,
				96DD535D1992E2CC0089E13D /* CodeViewEditorTests.m */,
				96DD535E1992E2CC0089E13D /* testKeywords.txt */,
				96DD535F1992E2CC0089E13D /* testSetupFiles.ino */,
				96DD53601992E2CC0089E13D /* testTextColors.json */,
				96DD53611992E2CC0089E13D /* testTextReplace.json */,
			);
			path = CodeTextEditorTests;
			sourceTree = "<group>";
		};
		96DD536C1992E7B60089E13D /* Classes */ = {
			isa = PBXGroup;
			children = (
				96DD539A1992E89E0089E13D /* Public */,
				96DD536D1992E7B60089E13D /* Categories */,
				96DD53721992E7B60089E13D /* PTDNavViewController.h */,
				96DD53731992E7B60089E13D /* PTDNavViewController.m */,
				96DD53751992E7B60089E13D /* PTDCodeViewEditor.m */,
				96DD53761992E7B60089E13D /* PTDRichTextEditorCategoryViewController.h */,
				96DD53771992E7B60089E13D /* PTDRichTextEditorCategoryViewController.m */,
				96DD53781992E7B60089E13D /* PTDCodeViewEditorHelper.h */,
				96DD53791992E7B60089E13D /* PTDCodeViewEditorHelper.m */,
				96DD537A1992E7B60089E13D /* PTDRichTextEditorMacroPicker.h */,
				96DD537B1992E7B60089E13D /* PTDCodeViewEditorParser.h */,
				96DD537C1992E7B60089E13D /* PTDCodeViewEditorParser.m */,
				96DD537D1992E7B60089E13D /* PTDRichTextEditorToggleButton.h */,
				96DD537E1992E7B60089E13D /* PTDRichTextEditorToggleButton.m */,
				96DD537F1992E7B60089E13D /* PTDRichTextEditorToolbar.h */,
				96DD53801992E7B60089E13D /* PTDRichTextEditorToolbar.m */,
				96DD53811992E7B60089E13D /* Vendor */,
			);
			path = Classes;
			sourceTree = SOURCE_ROOT;
		};
		96DD536D1992E7B60089E13D /* Categories */ = {
			isa = PBXGroup;
			children = (
				96DD536E1992E7B60089E13D /* NSAttributedString+MyRichTextEditor.h */,
				96DD536F1992E7B60089E13D /* NSAttributedString+MyRichTextEditor.m */,
				96DD53701992E7B60089E13D /* RichTextEditor+Protected.h */,
				96DD53711992E7B60089E13D /* RichTextEditorToolbar+Protected.h */,
			);
			path = Categories;
			sourceTree = "<group>";
		};
		96DD53811992E7B60089E13D /* Vendor */ = {
			isa = PBXGroup;
			children = (
				96DD53821992E7B60089E13D /* LineNumberLayoutManager.h */,
				96DD53831992E7B60089E13D /* LineNumberLayoutManager.m */,
				96DD53841992E7B60089E13D /* LineNumberTextView.h */,
				96DD53851992E7B60089E13D /* LineNumberTextView.m */,
			);
			path = Vendor;
			sourceTree = "<group>";
		};
		96DD539A1992E89E0089E13D /* Public */ = {
			isa = PBXGroup;
			children = (
				96DD539B1992E89E0089E13D /* PTDCodeViewEditor.h */,
			);
			path = Public;
			sourceTree = "<group>";
		};
		96DD53A91992EA030089E13D /* Resources */ = {
			isa = PBXGroup;
			children = (
				96DD53AA1992EA030089E13D /* examplesketch.ino */,
				96DD53AB1992EA030089E13D /* keywords.txt */,
				96DD53AC1992EA030089E13D /* largeTestSketch.ino */,
				96DD53AD1992EA030089E13D /* largeTextSketchTest.txt */,
				96DD53AE1992EA030089E13D /* menu~ipad.json */,
				96DD53AF1992EA030089E13D /* menu~iphone.json */,
				96DD53B01992EA030089E13D /* testTextSkip.json */,
				96DD53B11992EA030089E13D /* textColors.json */,
				96DD53B21992EA030089E13D /* textReplace.json */,
				96DD53B31992EA030089E13D /* textSkip.json */,
			);
			path = Resources;
			sourceTree = "<group>";
		};
/* End PBXGroup section */

/* Begin PBXNativeTarget section */
		1583890D1735A5D7006DE713 /* CodeTextEditor */ = {
			isa = PBXNativeTarget;
			buildConfigurationList = 1583894A1735A5D7006DE713 /* Build configuration list for PBXNativeTarget "CodeTextEditor" */;
			buildPhases = (
				9C7DD593CFF84129B121E733 /* Check Pods Manifest.lock */,
				1583890A1735A5D7006DE713 /* Sources */,
				1583890B1735A5D7006DE713 /* Frameworks */,
				1583890C1735A5D7006DE713 /* Resources */,
				82454CB8C6A943A9BA9FC1DF /* Copy Pods Resources */,
			);
			buildRules = (
			);
			dependencies = (
			);
			name = CodeTextEditor;
			productName = RichTextEditor;
			productReference = 1583890E1735A5D7006DE713 /* CodeTextEditor.app */;
			productType = "com.apple.product-type.application";
		};
		158389371735A5D7006DE713 /* CodeTextEditorTests */ = {
			isa = PBXNativeTarget;
			buildConfigurationList = 1583894D1735A5D7006DE713 /* Build configuration list for PBXNativeTarget "CodeTextEditorTests" */;
			buildPhases = (
				158389331735A5D7006DE713 /* Sources */,
				158389341735A5D7006DE713 /* Frameworks */,
				158389351735A5D7006DE713 /* Resources */,
				158389361735A5D7006DE713 /* ShellScript */,
			);
			buildRules = (
			);
			dependencies = (
			);
			name = CodeTextEditorTests;
			productName = RichTextEditorTests;
			productReference = 158389381735A5D7006DE713 /* CodeTextEditorTests.xctest */;
			productType = "com.apple.product-type.bundle.unit-test";
		};
/* End PBXNativeTarget section */

/* Begin PBXProject section */
		158389051735A5D7006DE713 /* Project object */ = {
			isa = PBXProject;
			attributes = {
				LastTestingUpgradeCheck = 0510;
				LastUpgradeCheck = 0510;
				ORGANIZATIONNAME = "Aryan Ghassemi";
			};
			buildConfigurationList = 158389081735A5D7006DE713 /* Build configuration list for PBXProject "CodeTextEditor" */;
			compatibilityVersion = "Xcode 3.2";
			developmentRegion = English;
			hasScannedForEncodings = 0;
			knownRegions = (
				en,
			);
			mainGroup = 158389031735A5D7006DE713;
			productRefGroup = 1583890F1735A5D7006DE713 /* Products */;
			projectDirPath = "";
			projectRoot = "";
			targets = (
				1583890D1735A5D7006DE713 /* CodeTextEditor */,
				158389371735A5D7006DE713 /* CodeTextEditorTests */,
			);
		};
/* End PBXProject section */

/* Begin PBXResourcesBuildPhase section */
		1583890C1735A5D7006DE713 /* Resources */ = {
			isa = PBXResourcesBuildPhase;
			buildActionMask = 2147483647;
			files = (
				96DD53B51992EA030089E13D /* keywords.txt in Resources */,
				96DD53B81992EA030089E13D /* menu~ipad.json in Resources */,
				96DD53B61992EA030089E13D /* largeTestSketch.ino in Resources */,
				96DD53B41992EA030089E13D /* examplesketch.ino in Resources */,
				96DD53B91992EA030089E13D /* menu~iphone.json in Resources */,
				96DD53B71992EA030089E13D /* largeTextSketchTest.txt in Resources */,
				96DD53BA1992EA030089E13D /* testTextSkip.json in Resources */,
				96DD53BD1992EA030089E13D /* textSkip.json in Resources */,
				96DD53BC1992EA030089E13D /* textReplace.json in Resources */,
				96DD53621992E2CC0089E13D /* CodeTextEditorTests-Info.plist in Resources */,
				96DD53651992E2CC0089E13D /* testKeywords.txt in Resources */,
				96DD53631992E2CC0089E13D /* InfoPlist.strings in Resources */,
				96D1DF7119930A580062A9AD /* Default@2x.png in Resources */,
				96D1DF6F19930A580062A9AD /* Default-568h@2x.png in Resources */,
				96DD53681992E2CC0089E13D /* testTextReplace.json in Resources */,
				96DD53671992E2CC0089E13D /* testTextColors.json in Resources */,
				96DD53661992E2CC0089E13D /* testSetupFiles.ino in Resources */,
				96DD53A61992E9F40089E13D /* MainStoryboard_iPhone.storyboard in Resources */,
				96DD53BB1992EA030089E13D /* textColors.json in Resources */,
				96DD53A51992E9F40089E13D /* MainStoryboard_iPad.storyboard in Resources */,
				96D1DF7019930A580062A9AD /* Default.png in Resources */,
			);
			runOnlyForDeploymentPostprocessing = 0;
		};
		158389351735A5D7006DE713 /* Resources */ = {
			isa = PBXResourcesBuildPhase;
			buildActionMask = 2147483647;
			files = (
			);
			runOnlyForDeploymentPostprocessing = 0;
		};
/* End PBXResourcesBuildPhase section */

/* Begin PBXShellScriptBuildPhase section */
		158389361735A5D7006DE713 /* ShellScript */ = {
			isa = PBXShellScriptBuildPhase;
			buildActionMask = 2147483647;
			files = (
			);
			inputPaths = (
			);
			outputPaths = (
			);
			runOnlyForDeploymentPostprocessing = 0;
			shellPath = /bin/sh;
			shellScript = "# Run the unit tests in this test bundle.\n\"${SYSTEM_DEVELOPER_DIR}/Tools/RunUnitTests\"\n";
		};
		82454CB8C6A943A9BA9FC1DF /* Copy Pods Resources */ = {
			isa = PBXShellScriptBuildPhase;
			buildActionMask = 2147483647;
			files = (
			);
			inputPaths = (
			);
			name = "Copy Pods Resources";
			outputPaths = (
			);
			runOnlyForDeploymentPostprocessing = 0;
			shellPath = /bin/sh;
			shellScript = "\"${SRCROOT}/Pods/Pods-resources.sh\"\n";
			showEnvVarsInLog = 0;
		};
		9C7DD593CFF84129B121E733 /* Check Pods Manifest.lock */ = {
			isa = PBXShellScriptBuildPhase;
			buildActionMask = 2147483647;
			files = (
			);
			inputPaths = (
			);
			name = "Check Pods Manifest.lock";
			outputPaths = (
			);
			runOnlyForDeploymentPostprocessing = 0;
			shellPath = /bin/sh;
			shellScript = "diff \"${PODS_ROOT}/../Podfile.lock\" \"${PODS_ROOT}/Manifest.lock\" > /dev/null\nif [[ $? != 0 ]] ; then\n    cat << EOM\nerror: The sandbox is not in sync with the Podfile.lock. Run 'pod install' or update your CocoaPods installation.\nEOM\n    exit 1\nfi\n";
			showEnvVarsInLog = 0;
		};
/* End PBXShellScriptBuildPhase section */

/* Begin PBXSourcesBuildPhase section */
		1583890A1735A5D7006DE713 /* Sources */ = {
			isa = PBXSourcesBuildPhase;
			buildActionMask = 2147483647;
			files = (
				96DD539E1992E9C90089E13D /* AppDelegate.m in Sources */,
				96DD53881992E7B60089E13D /* PTDNavViewController.m in Sources */,
				96DD538A1992E7B60089E13D /* PTDCodeViewEditor.m in Sources */,
				96DD538E1992E7B60089E13D /* PTDCodeViewEditorHelper.m in Sources */,
				96DD538C1992E7B60089E13D /* PTDRichTextEditorCategoryViewController.m in Sources */,
				96DD53901992E7B60089E13D /* PTDCodeViewEditorParser.m in Sources */,
				96DD53C01992EA090089E13D /* ViewController.m in Sources */,
				96DD53941992E7B60089E13D /* PTDRichTextEditorToolbar.m in Sources */,
				96DD53861992E7B60089E13D /* NSAttributedString+MyRichTextEditor.m in Sources */,
				96DD53961992E7B60089E13D /* LineNumberLayoutManager.m in Sources */,
				96DD53981992E7B60089E13D /* LineNumberTextView.m in Sources */,
				96DD53A81992E9FB0089E13D /* main.m in Sources */,
				96DD53921992E7B60089E13D /* PTDRichTextEditorToggleButton.m in Sources */,
			);
			runOnlyForDeploymentPostprocessing = 0;
		};
		158389331735A5D7006DE713 /* Sources */ = {
			isa = PBXSourcesBuildPhase;
			buildActionMask = 2147483647;
			files = (
				96DD53971992E7B60089E13D /* LineNumberLayoutManager.m in Sources */,
				96DD53891992E7B60089E13D /* PTDNavViewController.m in Sources */,
				96DD538D1992E7B60089E13D /* PTDRichTextEditorCategoryViewController.m in Sources */,
				96DD538B1992E7B60089E13D /* PTDCodeViewEditor.m in Sources */,
				96DD53951992E7B60089E13D /* PTDRichTextEditorToolbar.m in Sources */,
				96DD53991992E7B60089E13D /* LineNumberTextView.m in Sources */,
				96DD53911992E7B60089E13D /* PTDCodeViewEditorParser.m in Sources */,
				96DD536B1992E3600089E13D /* CodeViewEditorTests.m in Sources */,
				96DD53871992E7B60089E13D /* NSAttributedString+MyRichTextEditor.m in Sources */,
				96DD538F1992E7B60089E13D /* PTDCodeViewEditorHelper.m in Sources */,
				96DD53931992E7B60089E13D /* PTDRichTextEditorToggleButton.m in Sources */,
			);
			runOnlyForDeploymentPostprocessing = 0;
		};
/* End PBXSourcesBuildPhase section */

/* Begin PBXVariantGroup section */
		96DD535A1992E2CC0089E13D /* InfoPlist.strings */ = {
			isa = PBXVariantGroup;
			children = (
				96DD535B1992E2CC0089E13D /* en */,
			);
			name = InfoPlist.strings;
			sourceTree = "<group>";
		};
		96DD53A11992E9F40089E13D /* MainStoryboard_iPad.storyboard */ = {
			isa = PBXVariantGroup;
			children = (
				96DD53A21992E9F40089E13D /* en */,
			);
			name = MainStoryboard_iPad.storyboard;
			sourceTree = "<group>";
		};
		96DD53A31992E9F40089E13D /* MainStoryboard_iPhone.storyboard */ = {
			isa = PBXVariantGroup;
			children = (
				96DD53A41992E9F40089E13D /* en */,
			);
			name = MainStoryboard_iPhone.storyboard;
			sourceTree = "<group>";
		};
/* End PBXVariantGroup section */

/* Begin XCBuildConfiguration section */
		158389481735A5D7006DE713 /* Debug */ = {
			isa = XCBuildConfiguration;
			buildSettings = {
				ALWAYS_SEARCH_USER_PATHS = NO;
				CLANG_CXX_LANGUAGE_STANDARD = "gnu++0x";
				CLANG_CXX_LIBRARY = "libc++";
				CLANG_ENABLE_OBJC_ARC = YES;
				CLANG_WARN_EMPTY_BODY = YES;
				CLANG_WARN__DUPLICATE_METHOD_MATCH = YES;
				"CODE_SIGN_IDENTITY[sdk=iphoneos*]" = "iPhone Developer";
				COPY_PHASE_STRIP = NO;
				GCC_C_LANGUAGE_STANDARD = gnu99;
				GCC_DYNAMIC_NO_PIC = NO;
				GCC_OPTIMIZATION_LEVEL = 0;
				GCC_PREPROCESSOR_DEFINITIONS = (
					"DEBUG=1",
					"$(inherited)",
				);
				GCC_SYMBOLS_PRIVATE_EXTERN = NO;
				GCC_WARN_ABOUT_RETURN_TYPE = YES;
				GCC_WARN_UNINITIALIZED_AUTOS = YES;
				GCC_WARN_UNUSED_VARIABLE = YES;
				IPHONEOS_DEPLOYMENT_TARGET = 7.0;
				ONLY_ACTIVE_ARCH = YES;
				SDKROOT = iphoneos;
				TARGETED_DEVICE_FAMILY = "1,2";
			};
			name = Debug;
		};
		158389491735A5D7006DE713 /* Release */ = {
			isa = XCBuildConfiguration;
			buildSettings = {
				ALWAYS_SEARCH_USER_PATHS = NO;
				CLANG_CXX_LANGUAGE_STANDARD = "gnu++0x";
				CLANG_CXX_LIBRARY = "libc++";
				CLANG_ENABLE_OBJC_ARC = YES;
				CLANG_WARN_EMPTY_BODY = YES;
				CLANG_WARN__DUPLICATE_METHOD_MATCH = YES;
				"CODE_SIGN_IDENTITY[sdk=iphoneos*]" = "iPhone Developer";
				COPY_PHASE_STRIP = YES;
				GCC_C_LANGUAGE_STANDARD = gnu99;
				GCC_WARN_ABOUT_RETURN_TYPE = YES;
				GCC_WARN_UNINITIALIZED_AUTOS = YES;
				GCC_WARN_UNUSED_VARIABLE = YES;
				IPHONEOS_DEPLOYMENT_TARGET = 7.0;
				OTHER_CFLAGS = "-DNS_BLOCK_ASSERTIONS=1";
				SDKROOT = iphoneos;
				TARGETED_DEVICE_FAMILY = "1,2";
				VALIDATE_PRODUCT = YES;
			};
			name = Release;
		};
		1583894B1735A5D7006DE713 /* Debug */ = {
			isa = XCBuildConfiguration;
			baseConfigurationReference = 19C0A5CD88594154AAE26C29 /* Pods.xcconfig */;
			buildSettings = {
				GCC_PRECOMPILE_PREFIX_HEADER = YES;
				GCC_PREFIX_HEADER = "CodeTextEditor-Prefix.pch";
				HEADER_SEARCH_PATHS = (
					"\"${PODS_ROOT}/Headers\"",
					"\"${PODS_ROOT}/Headers/WEPopover\"",
					"\"${PODS_ROOT}/Headers/iOS-Rich-Text-Editor\"",
				);
				INFOPLIST_FILE = "CodeTextEditor-Info.plist";
				PRODUCT_NAME = CodeTextEditor;
				WRAPPER_EXTENSION = app;
			};
			name = Debug;
		};
		1583894C1735A5D7006DE713 /* Release */ = {
			isa = XCBuildConfiguration;
			baseConfigurationReference = 19C0A5CD88594154AAE26C29 /* Pods.xcconfig */;
			buildSettings = {
				GCC_PRECOMPILE_PREFIX_HEADER = YES;
				GCC_PREFIX_HEADER = "CodeTextEditor-Prefix.pch";
				HEADER_SEARCH_PATHS = (
					"\"${PODS_ROOT}/Headers\"",
					"\"${PODS_ROOT}/Headers/WEPopover\"",
					"\"${PODS_ROOT}/Headers/iOS-Rich-Text-Editor\"",
				);
				INFOPLIST_FILE = "CodeTextEditor-Info.plist";
				PRODUCT_NAME = CodeTextEditor;
				WRAPPER_EXTENSION = app;
			};
			name = Release;
		};
		1583894E1735A5D7006DE713 /* Debug */ = {
			isa = XCBuildConfiguration;
			buildSettings = {
				BUNDLE_LOADER = "$(BUILT_PRODUCTS_DIR)/CodeTextEditor.app/CodeTextEditor";
				FRAMEWORK_SEARCH_PATHS = (
					"\"$(SDKROOT)/Developer/Library/Frameworks\"",
					"\"$(DEVELOPER_LIBRARY_DIR)/Frameworks\"",
					"$(inherited)",
					"$(DEVELOPER_FRAMEWORKS_DIR)",
				);
				GCC_PRECOMPILE_PREFIX_HEADER = YES;
				GCC_PREFIX_HEADER = "CodeTextEditor-Prefix.pch";
				HEADER_SEARCH_PATHS = (
					"$(inherited)",
					/Applications/Xcode.app/Contents/Developer/Toolchains/XcodeDefault.xctoolchain/usr/include,
					"\"${PODS_ROOT}/Headers\"",
					"\"${PODS_ROOT}/Headers/WEPopover\"",
					"\"${PODS_ROOT}/Headers/iOS-Rich-Text-Editor\"",
				);
				INFOPLIST_FILE = "CodeTextEditorTests/CodeTextEditorTests-Info.plist";
				LIBRARY_SEARCH_PATHS = (
					"$(inherited)",
					"$(PROJECT_DIR)/Pods/build/Debug-iphoneos",
				);
				PODS_ROOT = "${SRCROOT}/Pods";
				PRODUCT_NAME = CodeTextEditorTests;
				TEST_HOST = "$(BUNDLE_LOADER)";
			};
			name = Debug;
		};
		1583894F1735A5D7006DE713 /* Release */ = {
			isa = XCBuildConfiguration;
			buildSettings = {
				BUNDLE_LOADER = "$(BUILT_PRODUCTS_DIR)/CodeTextEditor.app/CodeTextEditor";
				FRAMEWORK_SEARCH_PATHS = (
					"\"$(SDKROOT)/Developer/Library/Frameworks\"",
					"\"$(DEVELOPER_LIBRARY_DIR)/Frameworks\"",
					"$(inherited)",
					"$(DEVELOPER_FRAMEWORKS_DIR)",
				);
				GCC_PRECOMPILE_PREFIX_HEADER = YES;
				GCC_PREFIX_HEADER = "CodeTextEditor-Prefix.pch";
				HEADER_SEARCH_PATHS = (
					"$(inherited)",
					/Applications/Xcode.app/Contents/Developer/Toolchains/XcodeDefault.xctoolchain/usr/include,
					"\"${PODS_ROOT}/Headers\"",
					"\"${PODS_ROOT}/Headers/WEPopover\"",
					"\"${PODS_ROOT}/Headers/iOS-Rich-Text-Editor\"",
				);
				INFOPLIST_FILE = "CodeTextEditorTests/CodeTextEditorTests-Info.plist";
				LIBRARY_SEARCH_PATHS = (
					"$(inherited)",
					"$(PROJECT_DIR)/Pods/build/Debug-iphoneos",
				);
				PODS_ROOT = "${SRCROOT}/Pods";
				PRODUCT_NAME = CodeTextEditorTests;
				TEST_HOST = "$(BUNDLE_LOADER)";
			};
			name = Release;
		};
/* End XCBuildConfiguration section */

/* Begin XCConfigurationList section */
		158389081735A5D7006DE713 /* Build configuration list for PBXProject "CodeTextEditor" */ = {
			isa = XCConfigurationList;
			buildConfigurations = (
				158389481735A5D7006DE713 /* Debug */,
				158389491735A5D7006DE713 /* Release */,
			);
			defaultConfigurationIsVisible = 0;
			defaultConfigurationName = Release;
		};
		1583894A1735A5D7006DE713 /* Build configuration list for PBXNativeTarget "CodeTextEditor" */ = {
			isa = XCConfigurationList;
			buildConfigurations = (
				1583894B1735A5D7006DE713 /* Debug */,
				1583894C1735A5D7006DE713 /* Release */,
			);
			defaultConfigurationIsVisible = 0;
			defaultConfigurationName = Release;
		};
		1583894D1735A5D7006DE713 /* Build configuration list for PBXNativeTarget "CodeTextEditorTests" */ = {
			isa = XCConfigurationList;
			buildConfigurations = (
				1583894E1735A5D7006DE713 /* Debug */,
				1583894F1735A5D7006DE713 /* Release */,
			);
			defaultConfigurationIsVisible = 0;
			defaultConfigurationName = Release;
		};
/* End XCConfigurationList section */
	};
	rootObject = 158389051735A5D7006DE713 /* Project object */;
}
